
Microsoft Visual Studio Solution File, Format Version 12.00
# Visual Studio Version 18
VisualStudioVersion = 18.7.11903.348
MinimumVisualStudioVersion = 10.0.40219.1
Project("{FAE04EC0-301F-11D3-BF4B-00C04F79EFBC}") = "EventManagerSystem", "EventManagerSystem\EventManagerSystem.csproj", "{321F64F7-EC71-42BF-AC15-81CE17C223C0}"
EndProject
Project("{FAE04EC0-301F-11D3-BF4B-00C04F79EFBC}") = "EventService.Tests", "EventService.Tests\EventService.Tests.csproj", "{D3767B7F-2A69-49B8-82E9-B675120C6852}"
EndProject
Project("{FAE04EC0-301F-11D3-BF4B-00C04F79EFBC}") = "BookingServices.Tests", "BookingServices.Tests\BookingServices.Tests.csproj", "{BB89424F-146A-42FB-9876-7BCDD5BCFEE6}"
EndProject
Project("{FAE04EC0-301F-11D3-BF4B-00C04F79EFBC}") = "EventApi.IntegrationTests", "EventApi.IntegrationTests\EventApi.IntegrationTests.csproj", "{1A2F5A58-141B-46C3-9F4F-74DF4BD5A92B}"
EndProject
Project("{2150E333-8FDC-42A3-9474-1A3956D46DE8}") = "Tests", "Tests", "{8BD8D67B-AE40-413A-941A-5E6B642E292F}"
EndProject
Project("{FAE04EC0-301F-11D3-BF4B-00C04F79EFBC}") = "Infrastructure", "Infrastructure\Infrastructure.csproj", "{903BEFF9-C836-4661-826D-AD0BA044D34F}"
EndProject
Project("{FAE04EC0-301F-11D3-BF4B-00C04F79EFBC}") = "Application", "Application\Application.csproj", "{47CAAC4E-8A22-433C-A990-4AA82DEB07BC}"
EndProject
Project("{FAE04EC0-301F-11D3-BF4B-00C04F79EFBC}") = "Domain", "Domain\Domain.csproj", "{5A616611-7282-4CAC-BE27-86C481410296}"
EndProject
Project("{2150E333-8FDC-42A3-9474-1A3956D46DE8}") = "BookingService", "BookingService", "{026CE074-0157-4D68-9749-16FF415DDBD0}"
EndProject
Project("{FAE04EC0-301F-11D3-BF4B-00C04F79EFBC}") = "Booking.Domain", "BookingService\Booking.Domain\Booking.Domain.csproj", "{F431AE88-39CE-424A-8C8D-4605D029A513}"
EndProject
Project("{FAE04EC0-301F-11D3-BF4B-00C04F79EFBC}") = "Booking.Application", "BookingService\Booking.Application\Booking.Application.csproj", "{81BB40DA-99D2-4AF7-B340-54271B09A9F3}"
EndProject
Project("{FAE04EC0-301F-11D3-BF4B-00C04F79EFBC}") = "Booking.Infrastructure", "BookingService\Booking.Infrastructure\Booking.Infrastructure.csproj", "{CDFA57E3-EB7F-4175-B69B-02B16BA2C4E7}"
EndProject
Project("{FAE04EC0-301F-11D3-BF4B-00C04F79EFBC}") = "Booking.Presentation", "BookingService\Booking.Presentation\Booking.Presentation.csproj", "{2AB92FA9-D855-4CDC-AD21-400EB8D4436E}"
EndProject
Project("{2150E333-8FDC-42A3-9474-1A3956D46DE8}") = "EventService", "EventService", "{3FD7083B-49AF-ED12-BF9B-B4EBBB46F654}"
EndProject
Project("{FAE04EC0-301F-11D3-BF4B-00C04F79EFBC}") = "Event.Domain", "EventService\Event.Domain\Event.Domain.csproj", "{99F02AD9-5723-453D-B13F-3C29FFF97F6D}"
EndProject
Project("{FAE04EC0-301F-11D3-BF4B-00C04F79EFBC}") = "Event.Application", "EventService\Event.Application\Event.Application.csproj", "{851B2943-1F54-4D71-AC41-7D29FBA2B64C}"
EndProject
Project("{FAE04EC0-301F-11D3-BF4B-00C04F79EFBC}") = "Event.Infrastructure", "EventService\Event.Infrastructure\Event.Infrastructure.csproj", "{92378164-AFB7-4276-955C-D6BDA7E27842}"
EndProject
Project("{FAE04EC0-301F-11D3-BF4B-00C04F79EFBC}") = "Event.Presentation", "EventService\Event.Presentation\Event.Presentation.csproj", "{8685DB5A-BDF4-4A3E-A063-FF70AA65FFB1}"
EndProject
Project("{2150E333-8FDC-42A3-9474-1A3956D46DE8}") = "UserService", "UserService", "{C0127DB6-3CA8-EE98-7726-A4993E48C5D4}"
EndProject
Project("{FAE04EC0-301F-11D3-BF4B-00C04F79EFBC}") = "User.Domain", "UserService\User.Domain\User.Domain.csproj", "{C1926063-3BB8-485E-914B-2073D0D37558}"
EndProject
Project("{FAE04EC0-301F-11D3-BF4B-00C04F79EFBC}") = "User.Application", "UserService\User.Application\User.Application.csproj", "{80719845-2C78-48BF-AC5F-3D02D76EE380}"
EndProject
Project("{FAE04EC0-301F-11D3-BF4B-00C04F79EFBC}") = "User.Infrastructure", "UserService\User.Infrastructure\User.Infrastructure.csproj", "{19AEC3EA-D9B1-483C-A973-1B1931AF405B}"
EndProject
Project("{FAE04EC0-301F-11D3-BF4B-00C04F79EFBC}") = "User.Presentation", "UserService\User.Presentation\User.Presentation.csproj", "{ACB34A27-535C-407E-A594-C3FD8565BF9D}"
EndProject
Global
	GlobalSection(SolutionConfigurationPlatforms) = preSolution
		Debug|Any CPU = Debug|Any CPU
		Debug|x64 = Debug|x64
		Debug|x86 = Debug|x86
		Release|Any CPU = Release|Any CPU
		Release|x64 = Release|x64
		Release|x86 = Release|x86
	EndGlobalSection
	GlobalSection(ProjectConfigurationPlatforms) = postSolution
		{321F64F7-EC71-42BF-AC15-81CE17C223C0}.Debug|Any CPU.ActiveCfg = Debug|Any CPU
		{321F64F7-EC71-42BF-AC15-81CE17C223C0}.Debug|Any CPU.Build.0 = Debug|Any CPU
		{321F64F7-EC71-42BF-AC15-81CE17C223C0}.Debug|x64.ActiveCfg = Debug|Any CPU
		{321F64F7-EC71-42BF-AC15-81CE17C223C0}.Debug|x64.Build.0 = Debug|Any CPU
		{321F64F7-EC71-42BF-AC15-81CE17C223C0}.Debug|x86.ActiveCfg = Debug|Any CPU
		{321F64F7-EC71-42BF-AC15-81CE17C223C0}.Debug|x86.Build.0 = Debug|Any CPU
		{321F64F7-EC71-42BF-AC15-81CE17C223C0}.Release|Any CPU.ActiveCfg = Release|Any CPU
		{321F64F7-EC71-42BF-AC15-81CE17C223C0}.Release|Any CPU.Build.0 = Release|Any CPU
		{321F64F7-EC71-42BF-AC15-81CE17C223C0}.Release|x64.ActiveCfg = Release|Any CPU
		{321F64F7-EC71-42BF-AC15-81CE17C223C0}.Release|x64.Build.0 = Release|Any CPU
		{321F64F7-EC71-42BF-AC15-81CE17C223C0}.Release|x86.ActiveCfg = Release|Any CPU
		{321F64F7-EC71-42BF-AC15-81CE17C223C0}.Release|x86.Build.0 = Release|Any CPU
		{D3767B7F-2A69-49B8-82E9-B675120C6852}.Debug|Any CPU.ActiveCfg = Debug|Any CPU
		{D3767B7F-2A69-49B8-82E9-B675120C6852}.Debug|Any CPU.Build.0 = Debug|Any CPU
		{D3767B7F-2A69-49B8-82E9-B675120C6852}.Debug|x64.ActiveCfg = Debug|Any CPU
		{D3767B7F-2A69-49B8-82E9-B675120C6852}.Debug|x64.Build.0 = Debug|Any CPU
		{D3767B7F-2A69-49B8-82E9-B675120C6852}.Debug|x86.ActiveCfg = Debug|Any CPU
		{D3767B7F-2A69-49B8-82E9-B675120C6852}.Debug|x86.Build.0 = Debug|Any CPU
		{D3767B7F-2A69-49B8-82E9-B675120C6852}.Release|Any CPU.ActiveCfg = Release|Any CPU
		{D3767B7F-2A69-49B8-82E9-B675120C6852}.Release|Any CPU.Build.0 = Release|Any CPU
		{D3767B7F-2A69-49B8-82E9-B675120C6852}.Release|x64.ActiveCfg = Release|Any CPU
		{D3767B7F-2A69-49B8-82E9-B675120C6852}.Release|x64.Build.0 = Release|Any CPU
		{D3767B7F-2A69-49B8-82E9-B675120C6852}.Release|x86.ActiveCfg = Release|Any CPU
		{D3767B7F-2A69-49B8-82E9-B675120C6852}.Release|x86.Build.0 = Release|Any CPU
		{BB89424F-146A-42FB-9876-7BCDD5BCFEE6}.Debug|Any CPU.ActiveCfg = Debug|Any CPU
		{BB89424F-146A-42FB-9876-7BCDD5BCFEE6}.Debug|Any CPU.Build.0 = Debug|Any CPU
		{BB89424F-146A-42FB-9876-7BCDD5BCFEE6}.Debug|x64.ActiveCfg = Debug|Any CPU
		{BB89424F-146A-42FB-9876-7BCDD5BCFEE6}.Debug|x64.Build.0 = Debug|Any CPU
		{BB89424F-146A-42FB-9876-7BCDD5BCFEE6}.Debug|x86.ActiveCfg = Debug|Any CPU
		{BB89424F-146A-42FB-9876-7BCDD5BCFEE6}.Debug|x86.Build.0 = Debug|Any CPU
		{BB89424F-146A-42FB-9876-7BCDD5BCFEE6}.Release|Any CPU.ActiveCfg = Release|Any CPU
		{BB89424F-146A-42FB-9876-7BCDD5BCFEE6}.Release|Any CPU.Build.0 = Release|Any CPU
		{BB89424F-146A-42FB-9876-7BCDD5BCFEE6}.Release|x64.ActiveCfg = Release|Any CPU
		{BB89424F-146A-42FB-9876-7BCDD5BCFEE6}.Release|x64.Build.0 = Release|Any CPU
		{BB89424F-146A-42FB-9876-7BCDD5BCFEE6}.Release|x86.ActiveCfg = Release|Any CPU
		{BB89424F-146A-42FB-9876-7BCDD5BCFEE6}.Release|x86.Build.0 = Release|Any CPU
		{1A2F5A58-141B-46C3-9F4F-74DF4BD5A92B}.Debug|Any CPU.ActiveCfg = Debug|Any CPU
		{1A2F5A58-141B-46C3-9F4F-74DF4BD5A92B}.Debug|Any CPU.Build.0 = Debug|Any CPU
		{1A2F5A58-141B-46C3-9F4F-74DF4BD5A92B}.Debug|x64.ActiveCfg = Debug|Any CPU
		{1A2F5A58-141B-46C3-9F4F-74DF4BD5A92B}.Debug|x64.Build.0 = Debug|Any CPU
		{1A2F5A58-141B-46C3-9F4F-74DF4BD5A92B}.Debug|x86.ActiveCfg = Debug|Any CPU
		{1A2F5A58-141B-46C3-9F4F-74DF4BD5A92B}.Debug|x86.Build.0 = Debug|Any CPU
		{1A2F5A58-141B-46C3-9F4F-74DF4BD5A92B}.Release|Any CPU.ActiveCfg = Release|Any CPU
		{1A2F5A58-141B-46C3-9F4F-74DF4BD5A92B}.Release|Any CPU.Build.0 = Release|Any CPU
		{1A2F5A58-141B-46C3-9F4F-74DF4BD5A92B}.Release|x64.ActiveCfg = Release|Any CPU
		{1A2F5A58-141B-46C3-9F4F-74DF4BD5A92B}.Release|x64.Build.0 = Release|Any CPU
		{1A2F5A58-141B-46C3-9F4F-74DF4BD5A92B}.Release|x86.ActiveCfg = Release|Any CPU
		{1A2F5A58-141B-46C3-9F4F-74DF4BD5A92B}.Release|x86.Build.0 = Release|Any CPU
		{903BEFF9-C836-4661-826D-AD0BA044D34F}.Debug|Any CPU.ActiveCfg = Debug|Any CPU
		{903BEFF9-C836-4661-826D-AD0BA044D34F}.Debug|Any CPU.Build.0 = Debug|Any CPU
		{903BEFF9-C836-4661-826D-AD0BA044D34F}.Debug|x64.ActiveCfg = Debug|Any CPU
		{903BEFF9-C836-4661-826D-AD0BA044D34F}.Debug|x64.Build.0 = Debug|Any CPU
		{903BEFF9-C836-4661-826D-AD0BA044D34F}.Debug|x86.ActiveCfg = Debug|Any CPU
		{903BEFF9-C836-4661-826D-AD0BA044D34F}.Debug|x86.Build.0 = Debug|Any CPU
		{903BEFF9-C836-4661-826D-AD0BA044D34F}.Release|Any CPU.ActiveCfg = Release|Any CPU
		{903BEFF9-C836-4661-826D-AD0BA044D34F}.Release|Any CPU.Build.0 = Release|Any CPU
		{903BEFF9-C836-4661-826D-AD0BA044D34F}.Release|x64.ActiveCfg = Release|Any CPU
		{903BEFF9-C836-4661-826D-AD0BA044D34F}.Release|x64.Build.0 = Release|Any CPU
		{903BEFF9-C836-4661-826D-AD0BA044D34F}.Release|x86.ActiveCfg = Release|Any CPU
		{903BEFF9-C836-4661-826D-AD0BA044D34F}.Release|x86.Build.0 = Release|Any CPU
		{47CAAC4E-8A22-433C-A990-4AA82DEB07BC}.Debug|Any CPU.ActiveCfg = Debug|Any CPU
		{47CAAC4E-8A22-433C-A990-4AA82DEB07BC}.Debug|Any CPU.Build.0 = Debug|Any CPU
		{47CAAC4E-8A22-433C-A990-4AA82DEB07BC}.Debug|x64.ActiveCfg = Debug|Any CPU
		{47CAAC4E-8A22-433C-A990-4AA82DEB07BC}.Debug|x64.Build.0 = Debug|Any CPU
		{47CAAC4E-8A22-433C-A990-4AA82DEB07BC}.Debug|x86.ActiveCfg = Debug|Any CPU
		{47CAAC4E-8A22-433C-A990-4AA82DEB07BC}.Debug|x86.Build.0 = Debug|Any CPU
		{47CAAC4E-8A22-433C-A990-4AA82DEB07BC}.Release|Any CPU.ActiveCfg = Release|Any CPU
		{47CAAC4E-8A22-433C-A990-4AA82DEB07BC}.Release|Any CPU.Build.0 = Release|Any CPU
		{47CAAC4E-8A22-433C-A990-4AA82DEB07BC}.Release|x64.ActiveCfg = Release|Any CPU
		{47CAAC4E-8A22-433C-A990-4AA82DEB07BC}.Release|x64.Build.0 = Release|Any CPU
		{47CAAC4E-8A22-433C-A990-4AA82DEB07BC}.Release|x86.ActiveCfg = Release|Any CPU
		{47CAAC4E-8A22-433C-A990-4AA82DEB07BC}.Release|x86.Build.0 = Release|Any CPU
		{5A616611-7282-4CAC-BE27-86C481410296}.Debug|Any CPU.ActiveCfg = Debug|Any CPU
		{5A616611-7282-4CAC-BE27-86C481410296}.Debug|Any CPU.Build.0 = Debug|Any CPU
		{5A616611-7282-4CAC-BE27-86C481410296}.Debug|x64.ActiveCfg = Debug|Any CPU
		{5A616611-7282-4CAC-BE27-86C481410296}.Debug|x64.Build.0 = Debug|Any CPU
		{5A616611-7282-4CAC-BE27-86C481410296}.Debug|x86.ActiveCfg = Debug|Any CPU
		{5A616611-7282-4CAC-BE27-86C481410296}.Debug|x86.Build.0 = Debug|Any CPU
		{5A616611-7282-4CAC-BE27-86C481410296}.Release|Any CPU.ActiveCfg = Release|Any CPU
		{5A616611-7282-4CAC-BE27-86C481410296}.Release|Any CPU.Build.0 = Release|Any CPU
		{5A616611-7282-4CAC-BE27-86C481410296}.Release|x64.ActiveCfg = Release|Any CPU
		{5A616611-7282-4CAC-BE27-86C481410296}.Release|x64.Build.0 = Release|Any CPU
		{5A616611-7282-4CAC-BE27-86C481410296}.Release|x86.ActiveCfg = Release|Any CPU
		{5A616611-7282-4CAC-BE27-86C481410296}.Release|x86.Build.0 = Release|Any CPU
		{F431AE88-39CE-424A-8C8D-4605D029A513}.Debug|Any CPU.ActiveCfg = Debug|Any CPU
		{F431AE88-39CE-424A-8C8D-4605D029A513}.Debug|Any CPU.Build.0 = Debug|Any CPU
		{F431AE88-39CE-424A-8C8D-4605D029A513}.Debug|x64.ActiveCfg = Debug|Any CPU
		{F431AE88-39CE-424A-8C8D-4605D029A513}.Debug|x64.Build.0 = Debug|Any CPU
		{F431AE88-39CE-424A-8C8D-4605D029A513}.Debug|x86.ActiveCfg = Debug|Any CPU
		{F431AE88-39CE-424A-8C8D-4605D029A513}.Debug|x86.Build.0 = Debug|Any CPU
		{F431AE88-39CE-424A-8C8D-4605D029A513}.Release|Any CPU.ActiveCfg = Release|Any CPU
		{F431AE88-39CE-424A-8C8D-4605D029A513}.Release|Any CPU.Build.0 = Release|Any CPU
		{F431AE88-39CE-424A-8C8D-4605D029A513}.Release|x64.ActiveCfg = Release|Any CPU
		{F431AE88-39CE-424A-8C8D-4605D029A513}.Release|x64.Build.0 = Release|Any CPU
		{F431AE88-39CE-424A-8C8D-4605D029A513}.Release|x86.ActiveCfg = Release|Any CPU
		{F431AE88-39CE-424A-8C8D-4605D029A513}.Release|x86.Build.0 = Release|Any CPU
		{81BB40DA-99D2-4AF7-B340-54271B09A9F3}.Debug|Any CPU.ActiveCfg = Debug|Any CPU
		{81BB40DA-99D2-4AF7-B340-54271B09A9F3}.Debug|Any CPU.Build.0 = Debug|Any CPU
		{81BB40DA-99D2-4AF7-B340-54271B09A9F3}.Debug|x64.ActiveCfg = Debug|Any CPU
		{81BB40DA-99D2-4AF7-B340-54271B09A9F3}.Debug|x64.Build.0 = Debug|Any CPU
		{81BB40DA-99D2-4AF7-B340-54271B09A9F3}.Debug|x86.ActiveCfg = Debug|Any CPU
		{81BB40DA-99D2-4AF7-B340-54271B09A9F3}.Debug|x86.Build.0 = Debug|Any CPU
		{81BB40DA-99D2-4AF7-B340-54271B09A9F3}.Release|Any CPU.ActiveCfg = Release|Any CPU
		{81BB40DA-99D2-4AF7-B340-54271B09A9F3}.Release|Any CPU.Build.0 = Release|Any CPU
		{81BB40DA-99D2-4AF7-B340-54271B09A9F3}.Release|x64.ActiveCfg = Release|Any CPU
		{81BB40DA-99D2-4AF7-B340-54271B09A9F3}.Release|x64.Build.0 = Release|Any CPU
		{81BB40DA-99D2-4AF7-B340-54271B09A9F3}.Release|x86.ActiveCfg = Release|Any CPU
		{81BB40DA-99D2-4AF7-B340-54271B09A9F3}.Release|x86.Build.0 = Release|Any CPU
		{CDFA57E3-EB7F-4175-B69B-02B16BA2C4E7}.Debug|Any CPU.ActiveCfg = Debug|Any CPU
		{CDFA57E3-EB7F-4175-B69B-02B16BA2C4E7}.Debug|Any CPU.Build.0 = Debug|Any CPU
		{CDFA57E3-EB7F-4175-B69B-02B16BA2C4E7}.Debug|x64.ActiveCfg = Debug|Any CPU
		{CDFA57E3-EB7F-4175-B69B-02B16BA2C4E7}.Debug|x64.Build.0 = Debug|Any CPU
		{CDFA57E3-EB7F-4175-B69B-02B16BA2C4E7}.Debug|x86.ActiveCfg = Debug|Any CPU
		{CDFA57E3-EB7F-4175-B69B-02B16BA2C4E7}.Debug|x86.Build.0 = Debug|Any CPU
		{CDFA57E3-EB7F-4175-B69B-02B16BA2C4E7}.Release|Any CPU.ActiveCfg = Release|Any CPU
		{CDFA57E3-EB7F-4175-B69B-02B16BA2C4E7}.Release|Any CPU.Build.0 = Release|Any CPU
		{CDFA57E3-EB7F-4175-B69B-02B16BA2C4E7}.Release|x64.ActiveCfg = Release|Any CPU
		{CDFA57E3-EB7F-4175-B69B-02B16BA2C4E7}.Release|x64.Build.0 = Release|Any CPU
		{CDFA57E3-EB7F-4175-B69B-02B16BA2C4E7}.Release|x86.ActiveCfg = Release|Any CPU
		{CDFA57E3-EB7F-4175-B69B-02B16BA2C4E7}.Release|x86.Build.0 = Release|Any CPU
		{2AB92FA9-D855-4CDC-AD21-400EB8D4436E}.Debug|Any CPU.ActiveCfg = Debug|Any CPU
		{2AB92FA9-D855-4CDC-AD21-400EB8D4436E}.Debug|Any CPU.Build.0 = Debug|Any CPU
		{2AB92FA9-D855-4CDC-AD21-400EB8D4436E}.Debug|x64.ActiveCfg = Debug|Any CPU
		{2AB92FA9-D855-4CDC-AD21-400EB8D4436E}.Debug|x64.Build.0 = Debug|Any CPU
		{2AB92FA9-D855-4CDC-AD21-400EB8D4436E}.Debug|x86.ActiveCfg = Debug|Any CPU
		{2AB92FA9-D855-4CDC-AD21-400EB8D4436E}.Debug|x86.Build.0 = Debug|Any CPU
		{2AB92FA9-D855-4CDC-AD21-400EB8D4436E}.Release|Any CPU.ActiveCfg = Release|Any CPU
		{2AB92FA9-D855-4CDC-AD21-400EB8D4436E}.Release|Any CPU.Build.0 = Release|Any CPU
		{2AB92FA9-D855-4CDC-AD21-400EB8D4436E}.Release|x64.ActiveCfg = Release|Any CPU
		{2AB92FA9-D855-4CDC-AD21-400EB8D4436E}.Release|x64.Build.0 = Release|Any CPU
		{2AB92FA9-D855-4CDC-AD21-400EB8D4436E}.Release|x86.ActiveCfg = Release|Any CPU
		{2AB92FA9-D855-4CDC-AD21-400EB8D4436E}.Release|x86.Build.0 = Release|Any CPU
		{99F02AD9-5723-453D-B13F-3C29FFF97F6D}.Debug|Any CPU.ActiveCfg = Debug|Any CPU
		{99F02AD9-5723-453D-B13F-3C29FFF97F6D}.Debug|Any CPU.Build.0 = Debug|Any CPU
		{99F02AD9-5723-453D-B13F-3C29FFF97F6D}.Debug|x64.ActiveCfg = Debug|Any CPU
		{99F02AD9-5723-453D-B13F-3C29FFF97F6D}.Debug|x64.Build.0 = Debug|Any CPU
		{99F02AD9-5723-453D-B13F-3C29FFF97F6D}.Debug|x86.ActiveCfg = Debug|Any CPU
		{99F02AD9-5723-453D-B13F-3C29FFF97F6D}.Debug|x86.Build.0 = Debug|Any CPU
		{99F02AD9-5723-453D-B13F-3C29FFF97F6D}.Release|Any CPU.ActiveCfg = Release|Any CPU
		{99F02AD9-5723-453D-B13F-3C29FFF97F6D}.Release|Any CPU.Build.0 = Release|Any CPU
		{99F02AD9-5723-453D-B13F-3C29FFF97F6D}.Release|x64.ActiveCfg = Release|Any CPU
		{99F02AD9-5723-453D-B13F-3C29FFF97F6D}.Release|x64.Build.0 = Release|Any CPU
		{99F02AD9-5723-453D-B13F-3C29FFF97F6D}.Release|x86.ActiveCfg = Release|Any CPU
		{99F02AD9-5723-453D-B13F-3C29FFF97F6D}.Release|x86.Build.0 = Release|Any CPU
		{851B2943-1F54-4D71-AC41-7D29FBA2B64C}.Debug|Any CPU.ActiveCfg = Debug|Any CPU
		{851B2943-1F54-4D71-AC41-7D29FBA2B64C}.Debug|Any CPU.Build.0 = Debug|Any CPU
		{851B2943-1F54-4D71-AC41-7D29FBA2B64C}.Debug|x64.ActiveCfg = Debug|Any CPU
		{851B2943-1F54-4D71-AC41-7D29FBA2B64C}.Debug|x64.Build.0 = Debug|Any CPU
		{851B2943-1F54-4D71-AC41-7D29FBA2B64C}.Debug|x86.ActiveCfg = Debug|Any CPU
		{851B2943-1F54-4D71-AC41-7D29FBA2B64C}.Debug|x86.Build.0 = Debug|Any CPU
		{851B2943-1F54-4D71-AC41-7D29FBA2B64C}.Release|Any CPU.ActiveCfg = Release|Any CPU
		{851B2943-1F54-4D71-AC41-7D29FBA2B64C}.Release|Any CPU.Build.0 = Release|Any CPU
		{851B2943-1F54-4D71-AC41-7D29FBA2B64C}.Release|x64.ActiveCfg = Release|Any CPU
		{851B2943-1F54-4D71-AC41-7D29FBA2B64C}.Release|x64.Build.0 = Release|Any CPU
		{851B2943-1F54-4D71-AC41-7D29FBA2B64C}.Release|x86.ActiveCfg = Release|Any CPU
		{851B2943-1F54-4D71-AC41-7D29FBA2B64C}.Release|x86.Build.0 = Release|Any CPU
		{92378164-AFB7-4276-955C-D6BDA7E27842}.Debug|Any CPU.ActiveCfg = Debug|Any CPU
		{92378164-AFB7-4276-955C-D6BDA7E27842}.Debug|Any CPU.Build.0 = Debug|Any CPU
		{92378164-AFB7-4276-955C-D6BDA7E27842}.Debug|x64.ActiveCfg = Debug|Any CPU
		{92378164-AFB7-4276-955C-D6BDA7E27842}.Debug|x64.Build.0 = Debug|Any CPU
		{92378164-AFB7-4276-955C-D6BDA7E27842}.Debug|x86.ActiveCfg = Debug|Any CPU
		{92378164-AFB7-4276-955C-D6BDA7E27842}.Debug|x86.Build.0 = Debug|Any CPU
		{92378164-AFB7-4276-955C-D6BDA7E27842}.Release|Any CPU.ActiveCfg = Release|Any CPU
		{92378164-AFB7-4276-955C-D6BDA7E27842}.Release|Any CPU.Build.0 = Release|Any CPU
		{92378164-AFB7-4276-955C-D6BDA7E27842}.Release|x64.ActiveCfg = Release|Any CPU
		{92378164-AFB7-4276-955C-D6BDA7E27842}.Release|x64.Build.0 = Release|Any CPU
		{92378164-AFB7-4276-955C-D6BDA7E27842}.Release|x86.ActiveCfg = Release|Any CPU
		{92378164-AFB7-4276-955C-D6BDA7E27842}.Release|x86.Build.0 = Release|Any CPU
		{8685DB5A-BDF4-4A3E-A063-FF70AA65FFB1}.Debug|Any CPU.ActiveCfg = Debug|Any CPU
		{8685DB5A-BDF4-4A3E-A063-FF70AA65FFB1}.Debug|Any CPU.Build.0 = Debug|Any CPU
		{8685DB5A-BDF4-4A3E-A063-FF70AA65FFB1}.Debug|x64.ActiveCfg = Debug|Any CPU
		{8685DB5A-BDF4-4A3E-A063-FF70AA65FFB1}.Debug|x64.Build.0 = Debug|Any CPU
		{8685DB5A-BDF4-4A3E-A063-FF70AA65FFB1}.Debug|x86.ActiveCfg = Debug|Any CPU
		{8685DB5A-BDF4-4A3E-A063-FF70AA65FFB1}.Debug|x86.Build.0 = Debug|Any CPU
		{8685DB5A-BDF4-4A3E-A063-FF70AA65FFB1}.Release|Any CPU.ActiveCfg = Release|Any CPU
		{8685DB5A-BDF4-4A3E-A063-FF70AA65FFB1}.Release|Any CPU.Build.0 = Release|Any CPU
		{8685DB5A-BDF4-4A3E-A063-FF70AA65FFB1}.Release|x64.ActiveCfg = Release|Any CPU
		{8685DB5A-BDF4-4A3E-A063-FF70AA65FFB1}.Release|x64.Build.0 = Release|Any CPU
		{8685DB5A-BDF4-4A3E-A063-FF70AA65FFB1}.Release|x86.ActiveCfg = Release|Any CPU
		{8685DB5A-BDF4-4A3E-A063-FF70AA65FFB1}.Release|x86.Build.0 = Release|Any CPU
		{C1926063-3BB8-485E-914B-2073D0D37558}.Debug|Any CPU.ActiveCfg = Debug|Any CPU
		{C1926063-3BB8-485E-914B-2073D0D37558}.Debug|Any CPU.Build.0 = Debug|Any CPU
		{C1926063-3BB8-485E-914B-2073D0D37558}.Debug|x64.ActiveCfg = Debug|Any CPU
		{C1926063-3BB8-485E-914B-2073D0D37558}.Debug|x64.Build.0 = Debug|Any CPU
		{C1926063-3BB8-485E-914B-2073D0D37558}.Debug|x86.ActiveCfg = Debug|Any CPU
		{C1926063-3BB8-485E-914B-2073D0D37558}.Debug|x86.Build.0 = Debug|Any CPU
		{C1926063-3BB8-485E-914B-2073D0D37558}.Release|Any CPU.ActiveCfg = Release|Any CPU
		{C1926063-3BB8-485E-914B-2073D0D37558}.Release|Any CPU.Build.0 = Release|Any CPU
		{C1926063-3BB8-485E-914B-2073D0D37558}.Release|x64.ActiveCfg = Release|Any CPU
		{C1926063-3BB8-485E-914B-2073D0D37558}.Release|x64.Build.0 = Release|Any CPU
		{C1926063-3BB8-485E-914B-2073D0D37558}.Release|x86.ActiveCfg = Release|Any CPU
		{C1926063-3BB8-485E-914B-2073D0D37558}.Release|x86.Build.0 = Release|Any CPU
		{80719845-2C78-48BF-AC5F-3D02D76EE380}.Debug|Any CPU.ActiveCfg = Debug|Any CPU
		{80719845-2C78-48BF-AC5F-3D02D76EE380}.Debug|Any CPU.Build.0 = Debug|Any CPU
		{80719845-2C78-48BF-AC5F-3D02D76EE380}.Debug|x64.ActiveCfg = Debug|Any CPU
		{80719845-2C78-48BF-AC5F-3D02D76EE380}.Debug|x64.Build.0 = Debug|Any CPU
		{80719845-2C78-48BF-AC5F-3D02D76EE380}.Debug|x86.ActiveCfg = Debug|Any CPU
		{80719845-2C78-48BF-AC5F-3D02D76EE380}.Debug|x86.Build.0 = Debug|Any CPU
		{80719845-2C78-48BF-AC5F-3D02D76EE380}.Release|Any CPU.ActiveCfg = Release|Any CPU
		{80719845-2C78-48BF-AC5F-3D02D76EE380}.Release|Any CPU.Build.0 = Release|Any CPU
		{80719845-2C78-48BF-AC5F-3D02D76EE380}.Release|x64.ActiveCfg = Release|Any CPU
		{80719845-2C78-48BF-AC5F-3D02D76EE380}.Release|x64.Build.0 = Release|Any CPU
		{80719845-2C78-48BF-AC5F-3D02D76EE380}.Release|x86.ActiveCfg = Release|Any CPU
		{80719845-2C78-48BF-AC5F-3D02D76EE380}.Release|x86.Build.0 = Release|Any CPU
		{19AEC3EA-D9B1-483C-A973-1B1931AF405B}.Debug|Any CPU.ActiveCfg = Debug|Any CPU
		{19AEC3EA-D9B1-483C-A973-1B1931AF405B}.Debug|Any CPU.Build.0 = Debug|Any CPU
		{19AEC3EA-D9B1-483C-A973-1B1931AF405B}.Debug|x64.ActiveCfg = Debug|Any CPU
		{19AEC3EA-D9B1-483C-A973-1B1931AF405B}.Debug|x64.Build.0 = Debug|Any CPU
		{19AEC3EA-D9B1-483C-A973-1B1931AF405B}.Debug|x86.ActiveCfg = Debug|Any CPU
		{19AEC3EA-D9B1-483C-A973-1B1931AF405B}.Debug|x86.Build.0 = Debug|Any CPU
		{19AEC3EA-D9B1-483C-A973-1B1931AF405B}.Release|Any CPU.ActiveCfg = Release|Any CPU
		{19AEC3EA-D9B1-483C-A973-1B1931AF405B}.Release|Any CPU.Build.0 = Release|Any CPU
		{19AEC3EA-D9B1-483C-A973-1B1931AF405B}.Release|x64.ActiveCfg = Release|Any CPU
		{19AEC3EA-D9B1-483C-A973-1B1931AF405B}.Release|x64.Build.0 = Release|Any CPU
		{19AEC3EA-D9B1-483C-A973-1B1931AF405B}.Release|x86.ActiveCfg = Release|Any CPU
		{19AEC3EA-D9B1-483C-A973-1B1931AF405B}.Release|x86.Build.0 = Release|Any CPU
		{ACB34A27-535C-407E-A594-C3FD8565BF9D}.Debug|Any CPU.ActiveCfg = Debug|Any CPU
		{ACB34A27-535C-407E-A594-C3FD8565BF9D}.Debug|Any CPU.Build.0 = Debug|Any CPU
		{ACB34A27-535C-407E-A594-C3FD8565BF9D}.Debug|x64.ActiveCfg = Debug|Any CPU
		{ACB34A27-535C-407E-A594-C3FD8565BF9D}.Debug|x64.Build.0 = Debug|Any CPU
		{ACB34A27-535C-407E-A594-C3FD8565BF9D}.Debug|x86.ActiveCfg = Debug|Any CPU
		{ACB34A27-535C-407E-A594-C3FD8565BF9D}.Debug|x86.Build.0 = Debug|Any CPU
		{ACB34A27-535C-407E-A594-C3FD8565BF9D}.Release|Any CPU.ActiveCfg = Release|Any CPU
		{ACB34A27-535C-407E-A594-C3FD8565BF9D}.Release|Any CPU.Build.0 = Release|Any CPU
		{ACB34A27-535C-407E-A594-C3FD8565BF9D}.Release|x64.ActiveCfg = Release|Any CPU
		{ACB34A27-535C-407E-A594-C3FD8565BF9D}.Release|x64.Build.0 = Release|Any CPU
		{ACB34A27-535C-407E-A594-C3FD8565BF9D}.Release|x86.ActiveCfg = Release|Any CPU
		{ACB34A27-535C-407E-A594-C3FD8565BF9D}.Release|x86.Build.0 = Release|Any CPU
	EndGlobalSection
	GlobalSection(SolutionProperties) = preSolution
		HideSolutionNode = FALSE
	EndGlobalSection
	GlobalSection(NestedProjects) = preSolution
		{D3767B7F-2A69-49B8-82E9-B675120C6852} = {8BD8D67B-AE40-413A-941A-5E6B642E292F}
		{BB89424F-146A-42FB-9876-7BCDD5BCFEE6} = {8BD8D67B-AE40-413A-941A-5E6B642E292F}
		{1A2F5A58-141B-46C3-9F4F-74DF4BD5A92B} = {8BD8D67B-AE40-413A-941A-5E6B642E292F}
		{F431AE88-39CE-424A-8C8D-4605D029A513} = {026CE074-0157-4D68-9749-16FF415DDBD0}
		{81BB40DA-99D2-4AF7-B340-54271B09A9F3} = {026CE074-0157-4D68-9749-16FF415DDBD0}
		{CDFA57E3-EB7F-4175-B69B-02B16BA2C4E7} = {026CE074-0157-4D68-9749-16FF415DDBD0}
		{2AB92FA9-D855-4CDC-AD21-400EB8D4436E} = {026CE074-0157-4D68-9749-16FF415DDBD0}
		{99F02AD9-5723-453D-B13F-3C29FFF97F6D} = {3FD7083B-49AF-ED12-BF9B-B4EBBB46F654}
		{851B2943-1F54-4D71-AC41-7D29FBA2B64C} = {3FD7083B-49AF-ED12-BF9B-B4EBBB46F654}
		{92378164-AFB7-4276-955C-D6BDA7E27842} = {3FD7083B-49AF-ED12-BF9B-B4EBBB46F654}
		{8685DB5A-BDF4-4A3E-A063-FF70AA65FFB1} = {3FD7083B-49AF-ED12-BF9B-B4EBBB46F654}
		{C1926063-3BB8-485E-914B-2073D0D37558} = {C0127DB6-3CA8-EE98-7726-A4993E48C5D4}
		{80719845-2C78-48BF-AC5F-3D02D76EE380} = {C0127DB6-3CA8-EE98-7726-A4993E48C5D4}
		{19AEC3EA-D9B1-483C-A973-1B1931AF405B} = {C0127DB6-3CA8-EE98-7726-A4993E48C5D4}
		{ACB34A27-535C-407E-A594-C3FD8565BF9D} = {C0127DB6-3CA8-EE98-7726-A4993E48C5D4}
	EndGlobalSection
	GlobalSection(ExtensibilityGlobals) = postSolution
		SolutionGuid = {B1157D4D-42E8-4CEC-8F78-D58110150753}
	EndGlobalSection
EndGlobal
